
Microsoft Visual Studio Solution File, Format Version 12.00
# Visual Studio Version 17
VisualStudioVersion = 17.11.35327.3
MinimumVisualStudioVersion = 10.0.40219.1
Project("{9A19103F-16F7-4668-BE54-9A1E7A4F7556}") = "single-api", "single-api.csproj", "{3FD3DB39-8221-4949-B41A-ED343C499A63}"
EndProject
Project("{FAE04EC0-301F-11D3-BF4B-00C04F79EFBC}") = "single-api.UnitTests", "..\single-api.UnitTests\single-api.UnitTests.csproj", "{F7265803-E8F7-49F9-8BAA-46D14550D1C0}"
EndProject
Global
	GlobalSection(SolutionConfigurationPlatforms) = preSolution
		Debug|Any CPU = Debug|Any CPU
		Release|Any CPU = Release|Any CPU
	EndGlobalSection
	GlobalSection(ProjectConfigurationPlatforms) = postSolution
		{3FD3DB39-8221-4949-B41A-ED343C499A63}.Debug|Any CPU.ActiveCfg = Debug|Any CPU
		{3FD3DB39-8221-4949-B41A-ED343C499A63}.Debug|Any CPU.Build.0 = Debug|Any CPU
		{3FD3DB39-8221-4949-B41A-ED343C499A63}.Release|Any CPU.ActiveCfg = Release|Any CPU
		{3FD3DB39-8221-4949-B41A-ED343C499A63}.Release|Any CPU.Build.0 = Release|Any CPU
		{F7265803-E8F7-49F9-8BAA-46D14550D1C0}.Debug|Any CPU.ActiveCfg = Debug|Any CPU
		{F7265803-E8F7-49F9-8BAA-46D14550D1C0}.Debug|Any CPU.Build.0 = Debug|Any CPU
		{F7265803-E8F7-49F9-8BAA-46D14550D1C0}.Release|Any CPU.ActiveCfg = Release|Any CPU
		{F7265803-E8F7-49F9-8BAA-46D14550D1C0}.Release|Any CPU.Build.0 = Release|Any CPU
	EndGlobalSection
	GlobalSection(SolutionProperties) = preSolution
		HideSolutionNode = FALSE
	EndGlobalSection
	GlobalSection(ExtensibilityGlobals) = postSolution
		SolutionGuid = {07F0E746-3608-4537-AF26-78F3693EDB18}
	EndGlobalSection
EndGlobal
